
Microsoft Visual Studio Solution File, Format Version 12.00
# Visual Studio Version 17
VisualStudioVersion = 17.13.35931.197 d17.13
MinimumVisualStudioVersion = 10.0.40219.1
Project("{FAE04EC0-301F-11D3-BF4B-00C04F79EFBC}") = "Linkitty", "Linkitty\Linkitty.csproj", "{20F82141-BF02-4A3C-8642-2931728F6FA9}"
EndProject
Global
	GlobalSection(SolutionConfigurationPlatforms) = preSolution
		Debug|Any CPU = Debug|Any CPU
		Release|Any CPU = Release|Any CPU
	EndGlobalSection
	GlobalSection(ProjectConfigurationPlatforms) = postSolution
		{20F82141-BF02-4A3C-8642-2931728F6FA9}.Debug|Any CPU.ActiveCfg = Debug|Any CPU
		{20F82141-BF02-4A3C-8642-2931728F6FA9}.Debug|Any CPU.Build.0 = Debug|Any CPU
		{20F82141-BF02-4A3C-8642-2931728F6FA9}.Release|Any CPU.ActiveCfg = Release|Any CPU
		{20F82141-BF02-4A3C-8642-2931728F6FA9}.Release|Any CPU.Build.0 = Release|Any CPU
	EndGlobalSection
	GlobalSection(SolutionProperties) = preSolution
		HideSolutionNode = FALSE
	EndGlobalSection
	GlobalSection(ExtensibilityGlobals) = postSolution
		SolutionGuid = {1706D84E-1CAF-49EC-BFFF-A071312DD5BB}
	EndGlobalSection
EndGlobal
